# This file is automatically @generated by Wally.
# It is not intended for manual editing.
registry = "test"

[[package]]
name = "griff/rojam2k25-summer"
version = "0.1.0"
dependencies = [["sawdust", "griffin-dalby/sawdust@1.1.0"]]

[[package]]
name = "griffin-dalby/sawdust"
version = "1.1.0"
dependencies = [["testez", "roblox/testez@0.4.1"]]

[[package]]
name = "roblox/testez"
version = "0.4.1"
dependencies = []
